
Microsoft Visual Studio Solution File, Format Version 12.00
# Visual Studio Version 17
VisualStudioVersion = 17.9.34902.65
MinimumVisualStudioVersion = 10.0.40219.1
Project("{8BC9CEB8-8B4A-11D0-8D11-00A0C91BC942}") = "I.B.1", "I.B.1.vcxproj", "{2E34D604-2E17-428D-9167-A2769F5135D7}"
EndProject
Global
	GlobalSection(SolutionConfigurationPlatforms) = preSolution
		Debug|x64 = Debug|x64
		Debug|x86 = Debug|x86
		Release|x64 = Release|x64
		Release|x86 = Release|x86
	EndGlobalSection
	GlobalSection(ProjectConfigurationPlatforms) = postSolution
		{2E34D604-2E17-428D-9167-A2769F5135D7}.Debug|x64.ActiveCfg = Debug|x64
		{2E34D604-2E17-428D-9167-A2769F5135D7}.Debug|x64.Build.0 = Debug|x64
		{2E34D604-2E17-428D-9167-A2769F5135D7}.Debug|x86.ActiveCfg = Debug|Win32
		{2E34D604-2E17-428D-9167-A2769F5135D7}.Debug|x86.Build.0 = Debug|Win32
		{2E34D604-2E17-428D-9167-A2769F5135D7}.Release|x64.ActiveCfg = Release|x64
		{2E34D604-2E17-428D-9167-A2769F5135D7}.Release|x64.Build.0 = Release|x64
		{2E34D604-2E17-428D-9167-A2769F5135D7}.Release|x86.ActiveCfg = Release|Win32
		{2E34D604-2E17-428D-9167-A2769F5135D7}.Release|x86.Build.0 = Release|Win32
	EndGlobalSection
	GlobalSection(SolutionProperties) = preSolution
		HideSolutionNode = FALSE
	EndGlobalSection
	GlobalSection(ExtensibilityGlobals) = postSolution
		SolutionGuid = {25CF1CB4-1CEA-4CA8-A4AB-E97A7115006C}
	EndGlobalSection
EndGlobal
