
Microsoft Visual Studio Solution File, Format Version 12.00
# Visual Studio Version 17
VisualStudioVersion = 17.9.34902.65
MinimumVisualStudioVersion = 10.0.40219.1
Project("{8BC9CEB8-8B4A-11D0-8D11-00A0C91BC942}") = "I.B.3", "I.B.3.vcxproj", "{7C03906E-3E7F-4576-818C-605F0BA56DCE}"
EndProject
Global
	GlobalSection(SolutionConfigurationPlatforms) = preSolution
		Debug|x64 = Debug|x64
		Debug|x86 = Debug|x86
		Release|x64 = Release|x64
		Release|x86 = Release|x86
	EndGlobalSection
	GlobalSection(ProjectConfigurationPlatforms) = postSolution
		{7C03906E-3E7F-4576-818C-605F0BA56DCE}.Debug|x64.ActiveCfg = Debug|x64
		{7C03906E-3E7F-4576-818C-605F0BA56DCE}.Debug|x64.Build.0 = Debug|x64
		{7C03906E-3E7F-4576-818C-605F0BA56DCE}.Debug|x86.ActiveCfg = Debug|Win32
		{7C03906E-3E7F-4576-818C-605F0BA56DCE}.Debug|x86.Build.0 = Debug|Win32
		{7C03906E-3E7F-4576-818C-605F0BA56DCE}.Release|x64.ActiveCfg = Release|x64
		{7C03906E-3E7F-4576-818C-605F0BA56DCE}.Release|x64.Build.0 = Release|x64
		{7C03906E-3E7F-4576-818C-605F0BA56DCE}.Release|x86.ActiveCfg = Release|Win32
		{7C03906E-3E7F-4576-818C-605F0BA56DCE}.Release|x86.Build.0 = Release|Win32
	EndGlobalSection
	GlobalSection(SolutionProperties) = preSolution
		HideSolutionNode = FALSE
	EndGlobalSection
	GlobalSection(ExtensibilityGlobals) = postSolution
		SolutionGuid = {DED83538-EA93-436A-BBF1-A2CF828E228B}
	EndGlobalSection
EndGlobal
